// !$*UTF8*$!
{
	archiveVersion = 1;
	classes = {
	};
	objectVersion = 70;
	objects = {

/* Begin PBXBuildFile section */
		2C2521952DA86B55005B7EF0 /* ProgressHUD in Frameworks */ = {isa = PBXBuildFile; productRef = 2C2521942DA86B55005B7EF0 /* ProgressHUD */; };
		2C74C1702DD3F6BB0026620C /* SwiftKeychainWrapper in Frameworks */ = {isa = PBXBuildFile; productRef = 2C74C16F2DD3F6BB0026620C /* SwiftKeychainWrapper */; };
		2CA7FCDD2DDD41C90011A519 /* WebKit.framework in Frameworks */ = {isa = PBXBuildFile; fileRef = 2CA7FCDC2DDD41C90011A519 /* WebKit.framework */; };
		2CC0C3E42DE645AD00863321 /* XCTest.framework in Frameworks */ = {isa = PBXBuildFile; fileRef = 2CC0C3E32DE645AD00863321 /* XCTest.framework */; platformFilter = ios; };
		2CC0C3E52DE645B700863321 /* XCTest.framework in Frameworks */ = {isa = PBXBuildFile; fileRef = 2CC0C3E32DE645AD00863321 /* XCTest.framework */; platformFilter = ios; };
		2CEDA0F12DD2C49700635307 /* Kingfisher in Frameworks */ = {isa = PBXBuildFile; productRef = 2CEDA0F02DD2C49700635307 /* Kingfisher */; };
/* End PBXBuildFile section */

/* Begin PBXContainerItemProxy section */
		2C07C51B2DE128A9007F6C91 /* PBXContainerItemProxy */ = {
			isa = PBXContainerItemProxy;
			containerPortal = 2C4FE5632CE0D2E500581033 /* Project object */;
			proxyType = 1;
			remoteGlobalIDString = 2C4FE56A2CE0D2E500581033;
			remoteInfo = ImageFeed;
		};
		2C4FE5822CE0D2E600581033 /* PBXContainerItemProxy */ = {
			isa = PBXContainerItemProxy;
			containerPortal = 2C4FE5632CE0D2E500581033 /* Project object */;
			proxyType = 1;
			remoteGlobalIDString = 2C4FE56A2CE0D2E500581033;
			remoteInfo = ImageFeed;
		};
		2C4FE58C2CE0D2E600581033 /* PBXContainerItemProxy */ = {
			isa = PBXContainerItemProxy;
			containerPortal = 2C4FE5632CE0D2E500581033 /* Project object */;
			proxyType = 1;
			remoteGlobalIDString = 2C4FE56A2CE0D2E500581033;
			remoteInfo = ImageFeed;
		};
		2CC0F5C12DE12F9A0086650E /* PBXContainerItemProxy */ = {
			isa = PBXContainerItemProxy;
			containerPortal = 2C4FE5632CE0D2E500581033 /* Project object */;
			proxyType = 1;
			remoteGlobalIDString = 2C4FE56A2CE0D2E500581033;
			remoteInfo = ImageFeed;
		};
/* End PBXContainerItemProxy section */

/* Begin PBXFileReference section */
		2C07C5152DE128A1007F6C91 /* ImageFeedTest.xctest */ = {isa = PBXFileReference; explicitFileType = wrapper.cfbundle; includeInIndex = 0; path = ImageFeedTest.xctest; sourceTree = BUILT_PRODUCTS_DIR; };
		2C4FE56B2CE0D2E500581033 /* ImageFeed.app */ = {isa = PBXFileReference; explicitFileType = wrapper.application; includeInIndex = 0; path = ImageFeed.app; sourceTree = BUILT_PRODUCTS_DIR; };
		2C4FE5812CE0D2E600581033 /* ImageFeedTests.xctest */ = {isa = PBXFileReference; explicitFileType = wrapper.cfbundle; includeInIndex = 0; path = ImageFeedTests.xctest; sourceTree = BUILT_PRODUCTS_DIR; };
		2C4FE58B2CE0D2E600581033 /* ImageFeedUITests.xctest */ = {isa = PBXFileReference; explicitFileType = wrapper.cfbundle; includeInIndex = 0; path = ImageFeedUITests.xctest; sourceTree = BUILT_PRODUCTS_DIR; };
		2CA7FCDC2DDD41C90011A519 /* WebKit.framework */ = {isa = PBXFileReference; lastKnownFileType = wrapper.framework; name = WebKit.framework; path = System/Library/Frameworks/WebKit.framework; sourceTree = SDKROOT; };
		2CC0C3E32DE645AD00863321 /* XCTest.framework */ = {isa = PBXFileReference; lastKnownFileType = wrapper.framework; name = XCTest.framework; path = Platforms/iPhoneOS.platform/Developer/Library/Frameworks/XCTest.framework; sourceTree = DEVELOPER_DIR; };
		2CC0F5BB2DE12F9A0086650E /* ImageFeedUITest.xctest */ = {isa = PBXFileReference; explicitFileType = wrapper.cfbundle; includeInIndex = 0; path = ImageFeedUITest.xctest; sourceTree = BUILT_PRODUCTS_DIR; };
/* End PBXFileReference section */

/* Begin PBXFileSystemSynchronizedBuildFileExceptionSet section */
		2C4FE5932CE0D2E600581033 /* PBXFileSystemSynchronizedBuildFileExceptionSet */ = {
			isa = PBXFileSystemSynchronizedBuildFileExceptionSet;
			membershipExceptions = (
				Info.plist,
			);
			target = 2C4FE56A2CE0D2E500581033 /* ImageFeed */;
		};
/* End PBXFileSystemSynchronizedBuildFileExceptionSet section */

/* Begin PBXFileSystemSynchronizedRootGroup section */
		2C07C5162DE128A1007F6C91 /* ImageFeedTest */ = {isa = PBXFileSystemSynchronizedRootGroup; explicitFileTypes = {}; explicitFolders = (); path = ImageFeedTest; sourceTree = "<group>"; };
		2C4FE56D2CE0D2E500581033 /* ImageFeed */ = {isa = PBXFileSystemSynchronizedRootGroup; exceptions = (2C4FE5932CE0D2E600581033 /* PBXFileSystemSynchronizedBuildFileExceptionSet */, ); explicitFileTypes = {}; explicitFolders = (); path = ImageFeed; sourceTree = "<group>"; };
		2CC0F5BC2DE12F9A0086650E /* ImageFeedUITest */ = {isa = PBXFileSystemSynchronizedRootGroup; explicitFileTypes = {}; explicitFolders = (); path = ImageFeedUITest; sourceTree = "<group>"; };
/* End PBXFileSystemSynchronizedRootGroup section */

/* Begin PBXFrameworksBuildPhase section */
		2C07C5122DE128A1007F6C91 /* Frameworks */ = {
			isa = PBXFrameworksBuildPhase;
			buildActionMask = 2147483647;
			files = (
				2CC0C3E42DE645AD00863321 /* XCTest.framework in Frameworks */,
			);
			runOnlyForDeploymentPostprocessing = 0;
		};
		2C4FE5682CE0D2E500581033 /* Frameworks */ = {
			isa = PBXFrameworksBuildPhase;
			buildActionMask = 2147483647;
			files = (
				2CEDA0F12DD2C49700635307 /* Kingfisher in Frameworks */,
				2C2521952DA86B55005B7EF0 /* ProgressHUD in Frameworks */,
				2CA7FCDD2DDD41C90011A519 /* WebKit.framework in Frameworks */,
				2C74C1702DD3F6BB0026620C /* SwiftKeychainWrapper in Frameworks */,
			);
			runOnlyForDeploymentPostprocessing = 0;
		};
		2C4FE57E2CE0D2E600581033 /* Frameworks */ = {
			isa = PBXFrameworksBuildPhase;
			buildActionMask = 2147483647;
			files = (
				2CC0C3E52DE645B700863321 /* XCTest.framework in Frameworks */,
			);
			runOnlyForDeploymentPostprocessing = 0;
		};
		2C4FE5882CE0D2E600581033 /* Frameworks */ = {
			isa = PBXFrameworksBuildPhase;
			buildActionMask = 2147483647;
			files = (
			);
			runOnlyForDeploymentPostprocessing = 0;
		};
		2CC0F5B82DE12F9A0086650E /* Frameworks */ = {
			isa = PBXFrameworksBuildPhase;
			buildActionMask = 2147483647;
			files = (
			);
			runOnlyForDeploymentPostprocessing = 0;
		};
/* End PBXFrameworksBuildPhase section */

/* Begin PBXGroup section */
		2C4FE5622CE0D2E500581033 = {
			isa = PBXGroup;
			children = (
				2C4FE56D2CE0D2E500581033 /* ImageFeed */,
				2C07C5162DE128A1007F6C91 /* ImageFeedTest */,
				2CC0F5BC2DE12F9A0086650E /* ImageFeedUITest */,
				2CA7FCDB2DDD41C90011A519 /* Frameworks */,
				2C4FE56C2CE0D2E500581033 /* Products */,
			);
			sourceTree = "<group>";
		};
		2C4FE56C2CE0D2E500581033 /* Products */ = {
			isa = PBXGroup;
			children = (
				2C4FE56B2CE0D2E500581033 /* ImageFeed.app */,
				2C4FE5812CE0D2E600581033 /* ImageFeedTests.xctest */,
				2C4FE58B2CE0D2E600581033 /* ImageFeedUITests.xctest */,
				2C07C5152DE128A1007F6C91 /* ImageFeedTest.xctest */,
				2CC0F5BB2DE12F9A0086650E /* ImageFeedUITest.xctest */,
			);
			name = Products;
			sourceTree = "<group>";
		};
		2CA7FCDB2DDD41C90011A519 /* Frameworks */ = {
			isa = PBXGroup;
			children = (
				2CC0C3E32DE645AD00863321 /* XCTest.framework */,
				2CA7FCDC2DDD41C90011A519 /* WebKit.framework */,
			);
			name = Frameworks;
			sourceTree = "<group>";
		};
/* End PBXGroup section */

/* Begin PBXNativeTarget section */
		2C07C5142DE128A1007F6C91 /* ImageFeedTest */ = {
			isa = PBXNativeTarget;
			buildConfigurationList = 2C07C51D2DE128A9007F6C91 /* Build configuration list for PBXNativeTarget "ImageFeedTest" */;
			buildPhases = (
				2C07C5112DE128A1007F6C91 /* Sources */,
				2C07C5122DE128A1007F6C91 /* Frameworks */,
				2C07C5132DE128A1007F6C91 /* Resources */,
			);
			buildRules = (
			);
			dependencies = (
				2C07C51C2DE128A9007F6C91 /* PBXTargetDependency */,
			);
			name = ImageFeedTest;
			packageProductDependencies = (
			);
			productName = ImageFeedTest;
			productReference = 2C07C5152DE128A1007F6C91 /* ImageFeedTest.xctest */;
			productType = "com.apple.product-type.bundle.unit-test";
		};
		2C4FE56A2CE0D2E500581033 /* ImageFeed */ = {
			isa = PBXNativeTarget;
			buildConfigurationList = 2C4FE5942CE0D2E600581033 /* Build configuration list for PBXNativeTarget "ImageFeed" */;
			buildPhases = (
				2C4FE5672CE0D2E500581033 /* Sources */,
				2C4FE5682CE0D2E500581033 /* Frameworks */,
				2C4FE5692CE0D2E500581033 /* Resources */,
			);
			buildRules = (
			);
			dependencies = (
			);
			fileSystemSynchronizedGroups = (
				2C4FE56D2CE0D2E500581033 /* ImageFeed */,
			);
			name = ImageFeed;
			packageProductDependencies = (
				2C2521942DA86B55005B7EF0 /* ProgressHUD */,
				2CEDA0F02DD2C49700635307 /* Kingfisher */,
				2C74C16F2DD3F6BB0026620C /* SwiftKeychainWrapper */,
			);
			productName = ImageFeed;
			productReference = 2C4FE56B2CE0D2E500581033 /* ImageFeed.app */;
			productType = "com.apple.product-type.application";
		};
		2C4FE5802CE0D2E600581033 /* ImageFeedTests */ = {
			isa = PBXNativeTarget;
			buildConfigurationList = 2C4FE5992CE0D2E600581033 /* Build configuration list for PBXNativeTarget "ImageFeedTests" */;
			buildPhases = (
				2C4FE57D2CE0D2E600581033 /* Sources */,
				2C4FE57E2CE0D2E600581033 /* Frameworks */,
				2C4FE57F2CE0D2E600581033 /* Resources */,
			);
			buildRules = (
			);
			dependencies = (
				2C4FE5832CE0D2E600581033 /* PBXTargetDependency */,
			);
			fileSystemSynchronizedGroups = (
				2C07C5162DE128A1007F6C91 /* ImageFeedTest */,
			);
			name = ImageFeedTests;
			packageProductDependencies = (
			);
			productName = ImageFeedTests;
			productReference = 2C4FE5812CE0D2E600581033 /* ImageFeedTests.xctest */;
			productType = "com.apple.product-type.bundle.unit-test";
		};
		2C4FE58A2CE0D2E600581033 /* ImageFeedUITests */ = {
			isa = PBXNativeTarget;
			buildConfigurationList = 2C4FE59C2CE0D2E600581033 /* Build configuration list for PBXNativeTarget "ImageFeedUITests" */;
			buildPhases = (
				2C4FE5872CE0D2E600581033 /* Sources */,
				2C4FE5882CE0D2E600581033 /* Frameworks */,
				2C4FE5892CE0D2E600581033 /* Resources */,
			);
			buildRules = (
			);
			dependencies = (
				2C4FE58D2CE0D2E600581033 /* PBXTargetDependency */,
			);
			fileSystemSynchronizedGroups = (
				2CC0F5BC2DE12F9A0086650E /* ImageFeedUITest */,
			);
			name = ImageFeedUITests;
			packageProductDependencies = (
			);
			productName = ImageFeedUITests;
			productReference = 2C4FE58B2CE0D2E600581033 /* ImageFeedUITests.xctest */;
			productType = "com.apple.product-type.bundle.ui-testing";
		};
		2CC0F5BA2DE12F9A0086650E /* ImageFeedUITest */ = {
			isa = PBXNativeTarget;
			buildConfigurationList = 2CC0F5C52DE12F9A0086650E /* Build configuration list for PBXNativeTarget "ImageFeedUITest" */;
			buildPhases = (
				2CC0F5B72DE12F9A0086650E /* Sources */,
				2CC0F5B82DE12F9A0086650E /* Frameworks */,
				2CC0F5B92DE12F9A0086650E /* Resources */,
			);
			buildRules = (
			);
			dependencies = (
				2CC0F5C22DE12F9A0086650E /* PBXTargetDependency */,
			);
			name = ImageFeedUITest;
			packageProductDependencies = (
			);
			productName = ImageFeedUITest;
			productReference = 2CC0F5BB2DE12F9A0086650E /* ImageFeedUITest.xctest */;
			productType = "com.apple.product-type.bundle.ui-testing";
		};
/* End PBXNativeTarget section */

/* Begin PBXProject section */
		2C4FE5632CE0D2E500581033 /* Project object */ = {
			isa = PBXProject;
			attributes = {
				BuildIndependentTargetsInParallel = 1;
				LastSwiftUpdateCheck = 1630;
				LastUpgradeCheck = 1630;
				TargetAttributes = {
					2C07C5142DE128A1007F6C91 = {
						CreatedOnToolsVersion = 16.3;
						TestTargetID = 2C4FE56A2CE0D2E500581033;
					};
					2C4FE56A2CE0D2E500581033 = {
						CreatedOnToolsVersion = 16.0;
					};
					2C4FE5802CE0D2E600581033 = {
						CreatedOnToolsVersion = 16.0;
						TestTargetID = 2C4FE56A2CE0D2E500581033;
					};
					2C4FE58A2CE0D2E600581033 = {
						CreatedOnToolsVersion = 16.0;
						TestTargetID = 2C4FE56A2CE0D2E500581033;
					};
					2CC0F5BA2DE12F9A0086650E = {
						CreatedOnToolsVersion = 16.3;
						TestTargetID = 2C4FE56A2CE0D2E500581033;
					};
				};
			};
			buildConfigurationList = 2C4FE5662CE0D2E500581033 /* Build configuration list for PBXProject "ImageFeed" */;
			compatibilityVersion = "Xcode 13.0";
			developmentRegion = en;
			hasScannedForEncodings = 0;
			knownRegions = (
				en,
				Base,
				ru,
			);
			mainGroup = 2C4FE5622CE0D2E500581033;
			minimizedProjectReferenceProxies = 1;
			packageReferences = (
				2C2521932DA86B55005B7EF0 /* XCRemoteSwiftPackageReference "ProgressHUD" */,
				2CDEA1972DD2C53B00962CE6 /* XCRemoteSwiftPackageReference "Kingfisher" */,
				2CDEA1982DD3F4A500962CE6 /* XCRemoteSwiftPackageReference "SwiftKeychainWrapper" */,
			);
			productRefGroup = 2C4FE56C2CE0D2E500581033 /* Products */;
			projectDirPath = "";
			projectRoot = "";
			targets = (
				2C4FE56A2CE0D2E500581033 /* ImageFeed */,
				2C4FE5802CE0D2E600581033 /* ImageFeedTests */,
				2C4FE58A2CE0D2E600581033 /* ImageFeedUITests */,
				2C07C5142DE128A1007F6C91 /* ImageFeedTest */,
				2CC0F5BA2DE12F9A0086650E /* ImageFeedUITest */,
			);
		};
/* End PBXProject section */

/* Begin PBXResourcesBuildPhase section */
		2C07C5132DE128A1007F6C91 /* Resources */ = {
			isa = PBXResourcesBuildPhase;
			buildActionMask = 2147483647;
			files = (
			);
			runOnlyForDeploymentPostprocessing = 0;
		};
		2C4FE5692CE0D2E500581033 /* Resources */ = {
			isa = PBXResourcesBuildPhase;
			buildActionMask = 2147483647;
			files = (
			);
			runOnlyForDeploymentPostprocessing = 0;
		};
		2C4FE57F2CE0D2E600581033 /* Resources */ = {
			isa = PBXResourcesBuildPhase;
			buildActionMask = 2147483647;
			files = (
			);
			runOnlyForDeploymentPostprocessing = 0;
		};
		2C4FE5892CE0D2E600581033 /* Resources */ = {
			isa = PBXResourcesBuildPhase;
			buildActionMask = 2147483647;
			files = (
			);
			runOnlyForDeploymentPostprocessing = 0;
		};
		2CC0F5B92DE12F9A0086650E /* Resources */ = {
			isa = PBXResourcesBuildPhase;
			buildActionMask = 2147483647;
			files = (
			);
			runOnlyForDeploymentPostprocessing = 0;
		};
/* End PBXResourcesBuildPhase section */

/* Begin PBXSourcesBuildPhase section */
		2C07C5112DE128A1007F6C91 /* Sources */ = {
			isa = PBXSourcesBuildPhase;
			buildActionMask = 2147483647;
			files = (
			);
			runOnlyForDeploymentPostprocessing = 0;
		};
		2C4FE5672CE0D2E500581033 /* Sources */ = {
			isa = PBXSourcesBuildPhase;
			buildActionMask = 2147483647;
			files = (
			);
			runOnlyForDeploymentPostprocessing = 0;
		};
		2C4FE57D2CE0D2E600581033 /* Sources */ = {
			isa = PBXSourcesBuildPhase;
			buildActionMask = 2147483647;
			files = (
			);
			runOnlyForDeploymentPostprocessing = 0;
		};
		2C4FE5872CE0D2E600581033 /* Sources */ = {
			isa = PBXSourcesBuildPhase;
			buildActionMask = 2147483647;
			files = (
			);
			runOnlyForDeploymentPostprocessing = 0;
		};
		2CC0F5B72DE12F9A0086650E /* Sources */ = {
			isa = PBXSourcesBuildPhase;
			buildActionMask = 2147483647;
			files = (
			);
			runOnlyForDeploymentPostprocessing = 0;
		};
/* End PBXSourcesBuildPhase section */

/* Begin PBXTargetDependency section */
		2C07C51C2DE128A9007F6C91 /* PBXTargetDependency */ = {
			isa = PBXTargetDependency;
			target = 2C4FE56A2CE0D2E500581033 /* ImageFeed */;
			targetProxy = 2C07C51B2DE128A9007F6C91 /* PBXContainerItemProxy */;
		};
		2C4FE5832CE0D2E600581033 /* PBXTargetDependency */ = {
			isa = PBXTargetDependency;
			target = 2C4FE56A2CE0D2E500581033 /* ImageFeed */;
			targetProxy = 2C4FE5822CE0D2E600581033 /* PBXContainerItemProxy */;
		};
		2C4FE58D2CE0D2E600581033 /* PBXTargetDependency */ = {
			isa = PBXTargetDependency;
			target = 2C4FE56A2CE0D2E500581033 /* ImageFeed */;
			targetProxy = 2C4FE58C2CE0D2E600581033 /* PBXContainerItemProxy */;
		};
		2CC0F5C22DE12F9A0086650E /* PBXTargetDependency */ = {
			isa = PBXTargetDependency;
			target = 2C4FE56A2CE0D2E500581033 /* ImageFeed */;
			targetProxy = 2CC0F5C12DE12F9A0086650E /* PBXContainerItemProxy */;
		};
/* End PBXTargetDependency section */

/* Begin XCBuildConfiguration section */
		2C07C5172DE128A2007F6C91 /* Debug */ = {
			isa = XCBuildConfiguration;
			buildSettings = {
				BUNDLE_LOADER = "$(TEST_HOST)";
				CODE_SIGN_STYLE = Automatic;
				CURRENT_PROJECT_VERSION = 1;
				DEVELOPMENT_TEAM = 76JCMFJ7G8;
				GENERATE_INFOPLIST_FILE = YES;
				IPHONEOS_DEPLOYMENT_TARGET = 13;
				MARKETING_VERSION = 1.0;
				PRODUCT_BUNDLE_IDENTIFIER = "ru.dmitriy-zabrodskiy.zabr.ImageFeedTest";
				PRODUCT_NAME = "$(TARGET_NAME)";
				SWIFT_EMIT_LOC_STRINGS = NO;
				SWIFT_VERSION = 5.0;
				TARGETED_DEVICE_FAMILY = "1,2";
				TEST_HOST = "$(BUILT_PRODUCTS_DIR)/ImageFeed.app/$(BUNDLE_EXECUTABLE_FOLDER_PATH)/ImageFeed";
			};
			name = Debug;
		};
		2C07C5182DE128A2007F6C91 /* Release */ = {
			isa = XCBuildConfiguration;
			buildSettings = {
				BUNDLE_LOADER = "$(TEST_HOST)";
				CODE_SIGN_STYLE = Automatic;
				CURRENT_PROJECT_VERSION = 1;
				DEVELOPMENT_TEAM = 76JCMFJ7G8;
				GENERATE_INFOPLIST_FILE = YES;
				IPHONEOS_DEPLOYMENT_TARGET = 13;
				MARKETING_VERSION = 1.0;
				PRODUCT_BUNDLE_IDENTIFIER = "ru.dmitriy-zabrodskiy.zabr.ImageFeedTest";
				PRODUCT_NAME = "$(TARGET_NAME)";
				SWIFT_EMIT_LOC_STRINGS = NO;
				SWIFT_VERSION = 5.0;
				TARGETED_DEVICE_FAMILY = "1,2";
				TEST_HOST = "$(BUILT_PRODUCTS_DIR)/ImageFeed.app/$(BUNDLE_EXECUTABLE_FOLDER_PATH)/ImageFeed";
			};
			name = Release;
		};
		2C4FE5952CE0D2E600581033 /* Debug */ = {
			isa = XCBuildConfiguration;
			buildSettings = {
				ASSETCATALOG_COMPILER_APPICON_NAME = AppIcon;
				ASSETCATALOG_COMPILER_GLOBAL_ACCENT_COLOR_NAME = AccentColor;
				CODE_SIGN_STYLE = Automatic;
				CURRENT_PROJECT_VERSION = 1;
				GENERATE_INFOPLIST_FILE = YES;
				INFOPLIST_FILE = ImageFeed/Info.plist;
				INFOPLIST_KEY_UIApplicationSupportsIndirectInputEvents = YES;
				INFOPLIST_KEY_UILaunchStoryboardName = LaunchScreen;
				INFOPLIST_KEY_UIMainStoryboardFile = Main;
				INFOPLIST_KEY_UIStatusBarStyle = "";
				INFOPLIST_KEY_UISupportedInterfaceOrientations_iPad = "UIInterfaceOrientationPortrait UIInterfaceOrientationPortraitUpsideDown UIInterfaceOrientationLandscapeLeft UIInterfaceOrientationLandscapeRight";
				INFOPLIST_KEY_UISupportedInterfaceOrientations_iPhone = UIInterfaceOrientationPortrait;
				IPHONEOS_DEPLOYMENT_TARGET = 13.0;
				LD_RUNPATH_SEARCH_PATHS = (
					"$(inherited)",
					"@executable_path/Frameworks",
				);
				MARKETING_VERSION = 1.0;
				PRODUCT_BUNDLE_IDENTIFIER = ru.dmitriy.zabrodskiy.ImageFeed;
				PRODUCT_NAME = "$(TARGET_NAME)";
				SUPPORTED_PLATFORMS = "iphoneos iphonesimulator";
				SUPPORTS_MACCATALYST = NO;
				SWIFT_EMIT_LOC_STRINGS = YES;
				SWIFT_VERSION = 5.0;
				TARGETED_DEVICE_FAMILY = 1;
			};
			name = Debug;
		};
		2C4FE5962CE0D2E600581033 /* Release */ = {
			isa = XCBuildConfiguration;
			buildSettings = {
				ASSETCATALOG_COMPILER_APPICON_NAME = AppIcon;
				ASSETCATALOG_COMPILER_GLOBAL_ACCENT_COLOR_NAME = AccentColor;
				CODE_SIGN_STYLE = Automatic;
				CURRENT_PROJECT_VERSION = 1;
				GENERATE_INFOPLIST_FILE = YES;
				INFOPLIST_FILE = ImageFeed/Info.plist;
				INFOPLIST_KEY_UIApplicationSupportsIndirectInputEvents = YES;
				INFOPLIST_KEY_UILaunchStoryboardName = LaunchScreen;
				INFOPLIST_KEY_UIMainStoryboardFile = Main;
				INFOPLIST_KEY_UIStatusBarStyle = "";
				INFOPLIST_KEY_UISupportedInterfaceOrientations_iPad = "UIInterfaceOrientationPortrait UIInterfaceOrientationPortraitUpsideDown UIInterfaceOrientationLandscapeLeft UIInterfaceOrientationLandscapeRight";
				INFOPLIST_KEY_UISupportedInterfaceOrientations_iPhone = UIInterfaceOrientationPortrait;
				IPHONEOS_DEPLOYMENT_TARGET = 13.0;
				LD_RUNPATH_SEARCH_PATHS = (
					"$(inherited)",
					"@executable_path/Frameworks",
				);
				MARKETING_VERSION = 1.0;
				PRODUCT_BUNDLE_IDENTIFIER = ru.dmitriy.zabrodskiy.ImageFeed;
				PRODUCT_NAME = "$(TARGET_NAME)";
				SUPPORTED_PLATFORMS = "iphoneos iphonesimulator";
				SUPPORTS_MACCATALYST = NO;
				SWIFT_EMIT_LOC_STRINGS = YES;
				SWIFT_VERSION = 5.0;
				TARGETED_DEVICE_FAMILY = 1;
			};
			name = Release;
		};
		2C4FE5972CE0D2E600581033 /* Debug */ = {
			isa = XCBuildConfiguration;
			buildSettings = {
				ALWAYS_SEARCH_USER_PATHS = NO;
				ASSETCATALOG_COMPILER_GENERATE_SWIFT_ASSET_SYMBOL_EXTENSIONS = YES;
				CLANG_ANALYZER_LOCALIZABILITY_NONLOCALIZED = YES;
				CLANG_ANALYZER_NONNULL = YES;
				CLANG_ANALYZER_NUMBER_OBJECT_CONVERSION = YES_AGGRESSIVE;
				CLANG_CXX_LANGUAGE_STANDARD = "gnu++20";
				CLANG_ENABLE_MODULES = YES;
				CLANG_ENABLE_OBJC_ARC = YES;
				CLANG_ENABLE_OBJC_WEAK = YES;
				CLANG_WARN_BLOCK_CAPTURE_AUTORELEASING = YES;
				CLANG_WARN_BOOL_CONVERSION = YES;
				CLANG_WARN_COMMA = YES;
				CLANG_WARN_CONSTANT_CONVERSION = YES;
				CLANG_WARN_DEPRECATED_OBJC_IMPLEMENTATIONS = YES;
				CLANG_WARN_DIRECT_OBJC_ISA_USAGE = YES_ERROR;
				CLANG_WARN_DOCUMENTATION_COMMENTS = YES;
				CLANG_WARN_EMPTY_BODY = YES;
				CLANG_WARN_ENUM_CONVERSION = YES;
				CLANG_WARN_INFINITE_RECURSION = YES;
				CLANG_WARN_INT_CONVERSION = YES;
				CLANG_WARN_NON_LITERAL_NULL_CONVERSION = YES;
				CLANG_WARN_OBJC_IMPLICIT_RETAIN_SELF = YES;
				CLANG_WARN_OBJC_LITERAL_CONVERSION = YES;
				CLANG_WARN_OBJC_ROOT_CLASS = YES_ERROR;
				CLANG_WARN_QUOTED_INCLUDE_IN_FRAMEWORK_HEADER = YES;
				CLANG_WARN_RANGE_LOOP_ANALYSIS = YES;
				CLANG_WARN_STRICT_PROTOTYPES = YES;
				CLANG_WARN_SUSPICIOUS_MOVE = YES;
				CLANG_WARN_UNGUARDED_AVAILABILITY = YES_AGGRESSIVE;
				CLANG_WARN_UNREACHABLE_CODE = YES;
				CLANG_WARN__DUPLICATE_METHOD_MATCH = YES;
				COPY_PHASE_STRIP = NO;
				DEBUG_INFORMATION_FORMAT = dwarf;
				DEVELOPMENT_TEAM = 76JCMFJ7G8;
				ENABLE_STRICT_OBJC_MSGSEND = YES;
				ENABLE_TESTABILITY = YES;
				ENABLE_USER_SCRIPT_SANDBOXING = YES;
				GCC_C_LANGUAGE_STANDARD = gnu17;
				GCC_DYNAMIC_NO_PIC = NO;
				GCC_NO_COMMON_BLOCKS = YES;
				GCC_OPTIMIZATION_LEVEL = 0;
				GCC_PREPROCESSOR_DEFINITIONS = (
					"DEBUG=1",
					"$(inherited)",
				);
				GCC_WARN_64_TO_32_BIT_CONVERSION = YES;
				GCC_WARN_ABOUT_RETURN_TYPE = YES_ERROR;
				GCC_WARN_UNDECLARED_SELECTOR = YES;
				GCC_WARN_UNINITIALIZED_AUTOS = YES_AGGRESSIVE;
				GCC_WARN_UNUSED_FUNCTION = YES;
				GCC_WARN_UNUSED_VARIABLE = YES;
				IPHONEOS_DEPLOYMENT_TARGET = 13.0;
				LOCALIZATION_PREFERS_STRING_CATALOGS = YES;
				MTL_ENABLE_DEBUG_INFO = INCLUDE_SOURCE;
				MTL_FAST_MATH = YES;
				ONLY_ACTIVE_ARCH = YES;
				SDKROOT = iphoneos;
				SWIFT_ACTIVE_COMPILATION_CONDITIONS = "DEBUG $(inherited)";
				SWIFT_OPTIMIZATION_LEVEL = "-Onone";
			};
			name = Debug;
		};
		2C4FE5982CE0D2E600581033 /* Release */ = {
			isa = XCBuildConfiguration;
			buildSettings = {
				ALWAYS_SEARCH_USER_PATHS = NO;
				ASSETCATALOG_COMPILER_GENERATE_SWIFT_ASSET_SYMBOL_EXTENSIONS = YES;
				CLANG_ANALYZER_LOCALIZABILITY_NONLOCALIZED = YES;
				CLANG_ANALYZER_NONNULL = YES;
				CLANG_ANALYZER_NUMBER_OBJECT_CONVERSION = YES_AGGRESSIVE;
				CLANG_CXX_LANGUAGE_STANDARD = "gnu++20";
				CLANG_ENABLE_MODULES = YES;
				CLANG_ENABLE_OBJC_ARC = YES;
				CLANG_ENABLE_OBJC_WEAK = YES;
				CLANG_WARN_BLOCK_CAPTURE_AUTORELEASING = YES;
				CLANG_WARN_BOOL_CONVERSION = YES;
				CLANG_WARN_COMMA = YES;
				CLANG_WARN_CONSTANT_CONVERSION = YES;
				CLANG_WARN_DEPRECATED_OBJC_IMPLEMENTATIONS = YES;
				CLANG_WARN_DIRECT_OBJC_ISA_USAGE = YES_ERROR;
				CLANG_WARN_DOCUMENTATION_COMMENTS = YES;
				CLANG_WARN_EMPTY_BODY = YES;
				CLANG_WARN_ENUM_CONVERSION = YES;
				CLANG_WARN_INFINITE_RECURSION = YES;
				CLANG_WARN_INT_CONVERSION = YES;
				CLANG_WARN_NON_LITERAL_NULL_CONVERSION = YES;
				CLANG_WARN_OBJC_IMPLICIT_RETAIN_SELF = YES;
				CLANG_WARN_OBJC_LITERAL_CONVERSION = YES;
				CLANG_WARN_OBJC_ROOT_CLASS = YES_ERROR;
				CLANG_WARN_QUOTED_INCLUDE_IN_FRAMEWORK_HEADER = YES;
				CLANG_WARN_RANGE_LOOP_ANALYSIS = YES;
				CLANG_WARN_STRICT_PROTOTYPES = YES;
				CLANG_WARN_SUSPICIOUS_MOVE = YES;
				CLANG_WARN_UNGUARDED_AVAILABILITY = YES_AGGRESSIVE;
				CLANG_WARN_UNREACHABLE_CODE = YES;
				CLANG_WARN__DUPLICATE_METHOD_MATCH = YES;
				COPY_PHASE_STRIP = NO;
				DEBUG_INFORMATION_FORMAT = "dwarf-with-dsym";
				DEVELOPMENT_TEAM = 76JCMFJ7G8;
				ENABLE_NS_ASSERTIONS = NO;
				ENABLE_STRICT_OBJC_MSGSEND = YES;
				ENABLE_USER_SCRIPT_SANDBOXING = YES;
				GCC_C_LANGUAGE_STANDARD = gnu17;
				GCC_NO_COMMON_BLOCKS = YES;
				GCC_WARN_64_TO_32_BIT_CONVERSION = YES;
				GCC_WARN_ABOUT_RETURN_TYPE = YES_ERROR;
				GCC_WARN_UNDECLARED_SELECTOR = YES;
				GCC_WARN_UNINITIALIZED_AUTOS = YES_AGGRESSIVE;
				GCC_WARN_UNUSED_FUNCTION = YES;
				GCC_WARN_UNUSED_VARIABLE = YES;
				IPHONEOS_DEPLOYMENT_TARGET = 13.0;
				LOCALIZATION_PREFERS_STRING_CATALOGS = YES;
				MTL_ENABLE_DEBUG_INFO = NO;
				MTL_FAST_MATH = YES;
				SDKROOT = iphoneos;
				SWIFT_COMPILATION_MODE = wholemodule;
				VALIDATE_PRODUCT = YES;
			};
			name = Release;
		};
		2C4FE59A2CE0D2E600581033 /* Debug */ = {
			isa = XCBuildConfiguration;
			buildSettings = {
				BUNDLE_LOADER = "$(TEST_HOST)";
				CODE_SIGN_STYLE = Automatic;
				CURRENT_PROJECT_VERSION = 1;
				GENERATE_INFOPLIST_FILE = YES;
				IPHONEOS_DEPLOYMENT_TARGET = 13;
				MARKETING_VERSION = 1.0;
				PRODUCT_BUNDLE_IDENTIFIER = ru.yandex.practicum.ImageFeedTests;
				PRODUCT_NAME = "$(TARGET_NAME)";
				SWIFT_EMIT_LOC_STRINGS = NO;
				SWIFT_VERSION = 5.0;
				TARGETED_DEVICE_FAMILY = "1,2";
				TEST_HOST = "$(BUILT_PRODUCTS_DIR)/ImageFeed.app/$(BUNDLE_EXECUTABLE_FOLDER_PATH)/ImageFeed";
			};
			name = Debug;
		};
		2C4FE59B2CE0D2E600581033 /* Release */ = {
			isa = XCBuildConfiguration;
			buildSettings = {
				BUNDLE_LOADER = "$(TEST_HOST)";
				CODE_SIGN_STYLE = Automatic;
				CURRENT_PROJECT_VERSION = 1;
				GENERATE_INFOPLIST_FILE = YES;
				IPHONEOS_DEPLOYMENT_TARGET = 13;
				MARKETING_VERSION = 1.0;
				PRODUCT_BUNDLE_IDENTIFIER = ru.yandex.practicum.ImageFeedTests;
				PRODUCT_NAME = "$(TARGET_NAME)";
				SWIFT_EMIT_LOC_STRINGS = NO;
				SWIFT_VERSION = 5.0;
				TARGETED_DEVICE_FAMILY = "1,2";
				TEST_HOST = "$(BUILT_PRODUCTS_DIR)/ImageFeed.app/$(BUNDLE_EXECUTABLE_FOLDER_PATH)/ImageFeed";
			};
			name = Release;
		};
		2C4FE59D2CE0D2E600581033 /* Debug */ = {
			isa = XCBuildConfiguration;
			buildSettings = {
				CODE_SIGN_STYLE = Automatic;
				CURRENT_PROJECT_VERSION = 1;
				GENERATE_INFOPLIST_FILE = YES;
				MARKETING_VERSION = 1.0;
				PRODUCT_BUNDLE_IDENTIFIER = ru.yandex.practicum.ImageFeedUITests;
				PRODUCT_NAME = "$(TARGET_NAME)";
				SWIFT_EMIT_LOC_STRINGS = NO;
				SWIFT_VERSION = 5.0;
				TARGETED_DEVICE_FAMILY = "1,2";
				TEST_TARGET_NAME = ImageFeed;
			};
			name = Debug;
		};
		2C4FE59E2CE0D2E600581033 /* Release */ = {
			isa = XCBuildConfiguration;
			buildSettings = {
				CODE_SIGN_STYLE = Automatic;
				CURRENT_PROJECT_VERSION = 1;
				GENERATE_INFOPLIST_FILE = YES;
				MARKETING_VERSION = 1.0;
				PRODUCT_BUNDLE_IDENTIFIER = ru.yandex.practicum.ImageFeedUITests;
				PRODUCT_NAME = "$(TARGET_NAME)";
				SWIFT_EMIT_LOC_STRINGS = NO;
				SWIFT_VERSION = 5.0;
				TARGETED_DEVICE_FAMILY = "1,2";
				TEST_TARGET_NAME = ImageFeed;
			};
			name = Release;
		};
		2CC0F5C32DE12F9A0086650E /* Debug */ = {
			isa = XCBuildConfiguration;
			buildSettings = {
				CODE_SIGN_STYLE = Automatic;
				CURRENT_PROJECT_VERSION = 1;
				DEVELOPMENT_TEAM = 76JCMFJ7G8;
				GENERATE_INFOPLIST_FILE = YES;
				IPHONEOS_DEPLOYMENT_TARGET = 13;
				MARKETING_VERSION = 1.0;
				PRODUCT_BUNDLE_IDENTIFIER = "ru.dmitriy-zabrodskiy.zabr.ImageFeedUITest";
				PRODUCT_NAME = "$(TARGET_NAME)";
				SWIFT_EMIT_LOC_STRINGS = NO;
				SWIFT_VERSION = 5.0;
				TARGETED_DEVICE_FAMILY = "1,2";
				TEST_TARGET_NAME = ImageFeed;
			};
			name = Debug;
		};
		2CC0F5C42DE12F9A0086650E /* Release */ = {
			isa = XCBuildConfiguration;
			buildSettings = {
				CODE_SIGN_STYLE = Automatic;
				CURRENT_PROJECT_VERSION = 1;
				DEVELOPMENT_TEAM = 76JCMFJ7G8;
				GENERATE_INFOPLIST_FILE = YES;
				IPHONEOS_DEPLOYMENT_TARGET = 13;
				MARKETING_VERSION = 1.0;
				PRODUCT_BUNDLE_IDENTIFIER = "ru.dmitriy-zabrodskiy.zabr.ImageFeedUITest";
				PRODUCT_NAME = "$(TARGET_NAME)";
				SWIFT_EMIT_LOC_STRINGS = NO;
				SWIFT_VERSION = 5.0;
				TARGETED_DEVICE_FAMILY = "1,2";
				TEST_TARGET_NAME = ImageFeed;
			};
			name = Release;
		};
/* End XCBuildConfiguration section */

/* Begin XCConfigurationList section */
		2C07C51D2DE128A9007F6C91 /* Build configuration list for PBXNativeTarget "ImageFeedTest" */ = {
			isa = XCConfigurationList;
			buildConfigurations = (
				2C07C5172DE128A2007F6C91 /* Debug */,
				2C07C5182DE128A2007F6C91 /* Release */,
			);
			defaultConfigurationIsVisible = 0;
			defaultConfigurationName = Release;
		};
		2C4FE5662CE0D2E500581033 /* Build configuration list for PBXProject "ImageFeed" */ = {
			isa = XCConfigurationList;
			buildConfigurations = (
				2C4FE5972CE0D2E600581033 /* Debug */,
				2C4FE5982CE0D2E600581033 /* Release */,
			);
			defaultConfigurationIsVisible = 0;
			defaultConfigurationName = Release;
		};
		2C4FE5942CE0D2E600581033 /* Build configuration list for PBXNativeTarget "ImageFeed" */ = {
			isa = XCConfigurationList;
			buildConfigurations = (
				2C4FE5952CE0D2E600581033 /* Debug */,
				2C4FE5962CE0D2E600581033 /* Release */,
			);
			defaultConfigurationIsVisible = 0;
			defaultConfigurationName = Release;
		};
		2C4FE5992CE0D2E600581033 /* Build configuration list for PBXNativeTarget "ImageFeedTests" */ = {
			isa = XCConfigurationList;
			buildConfigurations = (
				2C4FE59A2CE0D2E600581033 /* Debug */,
				2C4FE59B2CE0D2E600581033 /* Release */,
			);
			defaultConfigurationIsVisible = 0;
			defaultConfigurationName = Release;
		};
		2C4FE59C2CE0D2E600581033 /* Build configuration list for PBXNativeTarget "ImageFeedUITests" */ = {
			isa = XCConfigurationList;
			buildConfigurations = (
				2C4FE59D2CE0D2E600581033 /* Debug */,
				2C4FE59E2CE0D2E600581033 /* Release */,
			);
			defaultConfigurationIsVisible = 0;
			defaultConfigurationName = Release;
		};
		2CC0F5C52DE12F9A0086650E /* Build configuration list for PBXNativeTarget "ImageFeedUITest" */ = {
			isa = XCConfigurationList;
			buildConfigurations = (
				2CC0F5C32DE12F9A0086650E /* Debug */,
				2CC0F5C42DE12F9A0086650E /* Release */,
			);
			defaultConfigurationIsVisible = 0;
			defaultConfigurationName = Release;
		};
/* End XCConfigurationList section */

/* Begin XCRemoteSwiftPackageReference section */
		2C2521932DA86B55005B7EF0 /* XCRemoteSwiftPackageReference "ProgressHUD" */ = {
			isa = XCRemoteSwiftPackageReference;
			repositoryURL = "https://github.com/relatedcode/ProgressHUD";
			requirement = {
				kind = upToNextMajorVersion;
				minimumVersion = 14.1.3;
			};
		};
		2CDEA1972DD2C53B00962CE6 /* XCRemoteSwiftPackageReference "Kingfisher" */ = {
			isa = XCRemoteSwiftPackageReference;
			repositoryURL = "https://github.com/onevcat/Kingfisher.git";
			requirement = {
				kind = upToNextMajorVersion;
				minimumVersion = 8.3.2;
			};
		};
		2CDEA1982DD3F4A500962CE6 /* XCRemoteSwiftPackageReference "SwiftKeychainWrapper" */ = {
			isa = XCRemoteSwiftPackageReference;
			repositoryURL = "https://github.com/jrendel/SwiftKeychainWrapper.git";
			requirement = {
				kind = upToNextMajorVersion;
				minimumVersion = 4.0.1;
			};
		};
/* End XCRemoteSwiftPackageReference section */

/* Begin XCSwiftPackageProductDependency section */
		2C2521942DA86B55005B7EF0 /* ProgressHUD */ = {
			isa = XCSwiftPackageProductDependency;
			package = 2C2521932DA86B55005B7EF0 /* XCRemoteSwiftPackageReference "ProgressHUD" */;
			productName = ProgressHUD;
		};
		2C74C16F2DD3F6BB0026620C /* SwiftKeychainWrapper */ = {
			isa = XCSwiftPackageProductDependency;
			package = 2CDEA1982DD3F4A500962CE6 /* XCRemoteSwiftPackageReference "SwiftKeychainWrapper" */;
			productName = SwiftKeychainWrapper;
		};
		2CEDA0F02DD2C49700635307 /* Kingfisher */ = {
			isa = XCSwiftPackageProductDependency;
			productName = Kingfisher;
		};
/* End XCSwiftPackageProductDependency section */
	};
	rootObject = 2C4FE5632CE0D2E500581033 /* Project object */;
}
